{
  "lockfileVersion": 1,
  "workspaces": {
    "": {
      "name": "elitebotix-bancho",
      "dependencies": {
        "bancho.js": "^0.12.0",
        "dotenv": "^16.0.1",
      },
    },
  },
  "packages": {
    "bancho.js": ["bancho.js@0.12.0", "", { "dependencies": { "nodesu": "^0.7.2", "rate-limiter-flexible": "^2.3.12" }, "peerDependencies": { "weak-value-map": "^1.0.1" }, "optionalPeers": ["weak-value-map"] }, "sha512-o7lGwDltY+nYQmOzSAKBr3COue9cY+I7zICcYkNEPujK0EqOq3n/DHLFO4fAmAUlQ0iPUA98uu47CMVqjJZPwA=="],

    "dotenv": ["dotenv@16.4.7", "", {}, "sha512-47qPchRCykZC03FhkYAhrvwU4xDBFIj1QPqaarj6mdM/hgUzfPHcpkHJOn3mJAufFeeAxAzeGsr5X0M4k6fLZQ=="],

    "limiter": ["limiter@1.1.5", "", {}, "sha512-FWWMIEOxz3GwUI4Ts/IvgVy6LPvoMPgjMdQ185nN6psJyBJ4yOpzqm695/h5umdLJg2vW3GR5iG11MAkR2AzJA=="],

    "nodesu": ["nodesu@0.7.3", "", { "dependencies": { "limiter": "^1.1.0" } }, "sha512-RTHkaRyt+alXkzp8TDH1r4dtkp38jeqFyGgFBCT6uSqcGIOUdh7EqghwN1PrcGVqTjPPjWUCnqoNay+JOMw3bg=="],

    "rate-limiter-flexible": ["rate-limiter-flexible@2.4.2", "", {}, "sha512-rMATGGOdO1suFyf/mI5LYhts71g1sbdhmd6YvdiXO2gJnd42Tt6QS4JUKJKSWVVkMtBacm6l40FR7Trjo6Iruw=="],
  }
}
